
Microsoft Visual Studio Solution File, Format Version 12.00
# Visual Studio Version 17
VisualStudioVersion = 17.14.36518.9 d17.14
MinimumVisualStudioVersion = 10.0.40219.1
Project("{8BC9CEB8-8B4A-11D0-8D11-00A0C91BC942}") = "Assiaginment3", "Assiaginment3.vcxproj", "{03D80B13-C219-4800-B994-F3BFBF3941BB}"
EndProject
Global
	GlobalSection(SolutionConfigurationPlatforms) = preSolution
		Debug|x64 = Debug|x64
		Debug|x86 = Debug|x86
		Release|x64 = Release|x64
		Release|x86 = Release|x86
	EndGlobalSection
	GlobalSection(ProjectConfigurationPlatforms) = postSolution
		{03D80B13-C219-4800-B994-F3BFBF3941BB}.Debug|x64.ActiveCfg = Debug|x64
		{03D80B13-C219-4800-B994-F3BFBF3941BB}.Debug|x64.Build.0 = Debug|x64
		{03D80B13-C219-4800-B994-F3BFBF3941BB}.Debug|x86.ActiveCfg = Debug|Win32
		{03D80B13-C219-4800-B994-F3BFBF3941BB}.Debug|x86.Build.0 = Debug|Win32
		{03D80B13-C219-4800-B994-F3BFBF3941BB}.Release|x64.ActiveCfg = Release|x64
		{03D80B13-C219-4800-B994-F3BFBF3941BB}.Release|x64.Build.0 = Release|x64
		{03D80B13-C219-4800-B994-F3BFBF3941BB}.Release|x86.ActiveCfg = Release|Win32
		{03D80B13-C219-4800-B994-F3BFBF3941BB}.Release|x86.Build.0 = Release|Win32
	EndGlobalSection
	GlobalSection(SolutionProperties) = preSolution
		HideSolutionNode = FALSE
	EndGlobalSection
	GlobalSection(ExtensibilityGlobals) = postSolution
		SolutionGuid = {936E895E-6BDC-4D08-860C-2BC30C2F9EE0}
	EndGlobalSection
EndGlobal
